// !$*UTF8*$!
{
	archiveVersion = 1;
	classes = {
	};
	objectVersion = 46;
	objects = {

/* Begin PBXBuildFile section */
		95398D8C1E81DBBA0056ABE9 /* LoginViewController.swift in Sources */ = {isa = PBXBuildFile; fileRef = 95398D8B1E81DBBA0056ABE9 /* LoginViewController.swift */; };
		95398D8E1E81DBC30056ABE9 /* ItemsViewController.swift in Sources */ = {isa = PBXBuildFile; fileRef = 95398D8D1E81DBC30056ABE9 /* ItemsViewController.swift */; };
		95398D921E81EAAE0056ABE9 /* UserModel.swift in Sources */ = {isa = PBXBuildFile; fileRef = 95398D901E81EAAE0056ABE9 /* UserModel.swift */; };
		95398D941E81EB7E0056ABE9 /* ItemsDataSource.swift in Sources */ = {isa = PBXBuildFile; fileRef = 95398D931E81EB7E0056ABE9 /* ItemsDataSource.swift */; };
		95808C5D1E7F369400C3E61E /* APIManager.swift in Sources */ = {isa = PBXBuildFile; fileRef = 95808C5B1E7F369400C3E61E /* APIManager.swift */; };
		95808C5E1E7F369400C3E61E /* APISecrets.swift in Sources */ = {isa = PBXBuildFile; fileRef = 95808C5C1E7F369400C3E61E /* APISecrets.swift */; };
		959A36A61E81B22000B43CE8 /* blenderpro-bold-webfont.ttf in Resources */ = {isa = PBXBuildFile; fileRef = 959A36A41E81B22000B43CE8 /* blenderpro-bold-webfont.ttf */; };
		959A36A71E81B22000B43CE8 /* blenderpro-medium-webfont.ttf in Resources */ = {isa = PBXBuildFile; fileRef = 959A36A51E81B22000B43CE8 /* blenderpro-medium-webfont.ttf */; };
		959C7D2D1E71DB6D00BE8958 /* AppDelegate.swift in Sources */ = {isa = PBXBuildFile; fileRef = 959C7D2C1E71DB6D00BE8958 /* AppDelegate.swift */; };
		959C7D341E71DB6D00BE8958 /* Assets.xcassets in Resources */ = {isa = PBXBuildFile; fileRef = 959C7D331E71DB6D00BE8958 /* Assets.xcassets */; };
		95A4DB0E1E809849000717FD /* LaunchScreen.storyboard in Resources */ = {isa = PBXBuildFile; fileRef = 95A4DB0A1E809849000717FD /* LaunchScreen.storyboard */; };
		95A4DB0F1E809849000717FD /* Main.storyboard in Resources */ = {isa = PBXBuildFile; fileRef = 95A4DB0B1E809849000717FD /* Main.storyboard */; };
		95A4DB111E809856000717FD /* MerchUIConstants.swift in Sources */ = {isa = PBXBuildFile; fileRef = 95A4DB101E809856000717FD /* MerchUIConstants.swift */; };
		95C66D351E81EF9E005152A9 /* ItemTableViewCell.swift in Sources */ = {isa = PBXBuildFile; fileRef = 95C66D341E81EF9E005152A9 /* ItemTableViewCell.swift */; };
		95C66D371E81F678005152A9 /* ItemModel.swift in Sources */ = {isa = PBXBuildFile; fileRef = 95C66D361E81F678005152A9 /* ItemModel.swift */; };
/* End PBXBuildFile section */

/* Begin PBXFileReference section */
		95398D8B1E81DBBA0056ABE9 /* LoginViewController.swift */ = {isa = PBXFileReference; fileEncoding = 4; lastKnownFileType = sourcecode.swift; path = LoginViewController.swift; sourceTree = "<group>"; };
		95398D8D1E81DBC30056ABE9 /* ItemsViewController.swift */ = {isa = PBXFileReference; fileEncoding = 4; lastKnownFileType = sourcecode.swift; path = ItemsViewController.swift; sourceTree = "<group>"; };
		95398D901E81EAAE0056ABE9 /* UserModel.swift */ = {isa = PBXFileReference; fileEncoding = 4; lastKnownFileType = sourcecode.swift; path = UserModel.swift; sourceTree = "<group>"; };
		95398D931E81EB7E0056ABE9 /* ItemsDataSource.swift */ = {isa = PBXFileReference; fileEncoding = 4; lastKnownFileType = sourcecode.swift; path = ItemsDataSource.swift; sourceTree = "<group>"; };
		95808C5B1E7F369400C3E61E /* APIManager.swift */ = {isa = PBXFileReference; fileEncoding = 4; lastKnownFileType = sourcecode.swift; path = APIManager.swift; sourceTree = "<group>"; };
		95808C5C1E7F369400C3E61E /* APISecrets.swift */ = {isa = PBXFileReference; fileEncoding = 4; lastKnownFileType = sourcecode.swift; path = APISecrets.swift; sourceTree = "<group>"; };
		959A36A41E81B22000B43CE8 /* blenderpro-bold-webfont.ttf */ = {isa = PBXFileReference; lastKnownFileType = file; path = "blenderpro-bold-webfont.ttf"; sourceTree = "<group>"; };
		959A36A51E81B22000B43CE8 /* blenderpro-medium-webfont.ttf */ = {isa = PBXFileReference; lastKnownFileType = file; path = "blenderpro-medium-webfont.ttf"; sourceTree = "<group>"; };
		959C7D291E71DB6D00BE8958 /* merch-ui.app */ = {isa = PBXFileReference; explicitFileType = wrapper.application; includeInIndex = 0; path = "merch-ui.app"; sourceTree = BUILT_PRODUCTS_DIR; };
		959C7D2C1E71DB6D00BE8958 /* AppDelegate.swift */ = {isa = PBXFileReference; lastKnownFileType = sourcecode.swift; path = AppDelegate.swift; sourceTree = "<group>"; };
		959C7D331E71DB6D00BE8958 /* Assets.xcassets */ = {isa = PBXFileReference; lastKnownFileType = folder.assetcatalog; path = Assets.xcassets; sourceTree = "<group>"; };
		959C7D381E71DB6D00BE8958 /* Info.plist */ = {isa = PBXFileReference; lastKnownFileType = text.plist.xml; path = Info.plist; sourceTree = "<group>"; };
		95A4DB0A1E809849000717FD /* LaunchScreen.storyboard */ = {isa = PBXFileReference; fileEncoding = 4; lastKnownFileType = file.storyboard; path = LaunchScreen.storyboard; sourceTree = "<group>"; };
		95A4DB0B1E809849000717FD /* Main.storyboard */ = {isa = PBXFileReference; fileEncoding = 4; lastKnownFileType = file.storyboard; path = Main.storyboard; sourceTree = "<group>"; };
		95A4DB101E809856000717FD /* MerchUIConstants.swift */ = {isa = PBXFileReference; fileEncoding = 4; lastKnownFileType = sourcecode.swift; path = MerchUIConstants.swift; sourceTree = "<group>"; };
		95C66D341E81EF9E005152A9 /* ItemTableViewCell.swift */ = {isa = PBXFileReference; fileEncoding = 4; lastKnownFileType = sourcecode.swift; path = ItemTableViewCell.swift; sourceTree = "<group>"; };
		95C66D361E81F678005152A9 /* ItemModel.swift */ = {isa = PBXFileReference; fileEncoding = 4; lastKnownFileType = sourcecode.swift; path = ItemModel.swift; sourceTree = "<group>"; };
/* End PBXFileReference section */

/* Begin PBXFrameworksBuildPhase section */
		959C7D261E71DB6D00BE8958 /* Frameworks */ = {
			isa = PBXFrameworksBuildPhase;
			buildActionMask = 2147483647;
			files = (
			);
			runOnlyForDeploymentPostprocessing = 0;
		};
/* End PBXFrameworksBuildPhase section */

/* Begin PBXGroup section */
		95398D8A1E81DBBA0056ABE9 /* ViewControllers */ = {
			isa = PBXGroup;
			children = (
				95398D8B1E81DBBA0056ABE9 /* LoginViewController.swift */,
				95398D8D1E81DBC30056ABE9 /* ItemsViewController.swift */,
			);
			path = ViewControllers;
			sourceTree = "<group>";
		};
		95398D8F1E81EAAE0056ABE9 /* Models */ = {
			isa = PBXGroup;
			children = (
				95398D901E81EAAE0056ABE9 /* UserModel.swift */,
				95C66D361E81F678005152A9 /* ItemModel.swift */,
			);
			path = Models;
			sourceTree = "<group>";
		};
		95398D911E81EAAE0056ABE9 /* DataSources */ = {
			isa = PBXGroup;
			children = (
				95398D931E81EB7E0056ABE9 /* ItemsDataSource.swift */,
			);
			path = DataSources;
			sourceTree = "<group>";
		};
		95808C5A1E7F369400C3E61E /* API */ = {
			isa = PBXGroup;
			children = (
				95808C5B1E7F369400C3E61E /* APIManager.swift */,
				95808C5C1E7F369400C3E61E /* APISecrets.swift */,
			);
			path = API;
			sourceTree = "<group>";
		};
		959A36A31E81B22000B43CE8 /* Fonts */ = {
			isa = PBXGroup;
			children = (
				959A36A41E81B22000B43CE8 /* blenderpro-bold-webfont.ttf */,
				959A36A51E81B22000B43CE8 /* blenderpro-medium-webfont.ttf */,
			);
			path = Fonts;
			sourceTree = "<group>";
		};
		959C7D201E71DB6D00BE8958 = {
			isa = PBXGroup;
			children = (
				959C7D2B1E71DB6D00BE8958 /* merch-ui */,
				959C7D2A1E71DB6D00BE8958 /* Products */,
			);
			sourceTree = "<group>";
		};
		959C7D2A1E71DB6D00BE8958 /* Products */ = {
			isa = PBXGroup;
			children = (
				959C7D291E71DB6D00BE8958 /* merch-ui.app */,
			);
			name = Products;
			sourceTree = "<group>";
		};
		959C7D2B1E71DB6D00BE8958 /* merch-ui */ = {
			isa = PBXGroup;
			children = (
				959C7D2C1E71DB6D00BE8958 /* AppDelegate.swift */,
				95398D8F1E81EAAE0056ABE9 /* Models */,
				95398D911E81EAAE0056ABE9 /* DataSources */,
				95A4DB061E809849000717FD /* UI */,
				95A4DB091E809849000717FD /* Storyboards */,
				95808C5A1E7F369400C3E61E /* API */,
				959C7D331E71DB6D00BE8958 /* Assets.xcassets */,
				959C7D381E71DB6D00BE8958 /* Info.plist */,
			);
			path = "merch-ui";
			sourceTree = "<group>";
		};
		95A4DB061E809849000717FD /* UI */ = {
			isa = PBXGroup;
			children = (
				95C66D331E81EF8D005152A9 /* TableViewCells */,
				95398D8A1E81DBBA0056ABE9 /* ViewControllers */,
				959A36A31E81B22000B43CE8 /* Fonts */,
				95A4DB101E809856000717FD /* MerchUIConstants.swift */,
			);
			path = UI;
			sourceTree = "<group>";
		};
		95A4DB091E809849000717FD /* Storyboards */ = {
			isa = PBXGroup;
			children = (
				95A4DB0A1E809849000717FD /* LaunchScreen.storyboard */,
				95A4DB0B1E809849000717FD /* Main.storyboard */,
			);
			path = Storyboards;
			sourceTree = "<group>";
		};
		95C66D331E81EF8D005152A9 /* TableViewCells */ = {
			isa = PBXGroup;
			children = (
				95C66D341E81EF9E005152A9 /* ItemTableViewCell.swift */,
			);
			path = TableViewCells;
			sourceTree = "<group>";
		};
/* End PBXGroup section */

/* Begin PBXNativeTarget section */
		959C7D281E71DB6D00BE8958 /* merch-ui */ = {
			isa = PBXNativeTarget;
			buildConfigurationList = 959C7D3B1E71DB6D00BE8958 /* Build configuration list for PBXNativeTarget "merch-ui" */;
			buildPhases = (
				959C7D251E71DB6D00BE8958 /* Sources */,
				959C7D261E71DB6D00BE8958 /* Frameworks */,
				959C7D271E71DB6D00BE8958 /* Resources */,
			);
			buildRules = (
			);
			dependencies = (
			);
			name = "merch-ui";
			productName = "merch-ui";
			productReference = 959C7D291E71DB6D00BE8958 /* merch-ui.app */;
			productType = "com.apple.product-type.application";
		};
/* End PBXNativeTarget section */

/* Begin PBXProject section */
		959C7D211E71DB6D00BE8958 /* Project object */ = {
			isa = PBXProject;
			attributes = {
				LastSwiftUpdateCheck = 0820;
				LastUpgradeCheck = 0820;
				ORGANIZATIONNAME = acm;
				TargetAttributes = {
					959C7D281E71DB6D00BE8958 = {
						CreatedOnToolsVersion = 8.2.1;
						DevelopmentTeam = 8VNQTQM2L6;
						ProvisioningStyle = Automatic;
					};
				};
			};
			buildConfigurationList = 959C7D241E71DB6D00BE8958 /* Build configuration list for PBXProject "merch-ui" */;
			compatibilityVersion = "Xcode 3.2";
			developmentRegion = English;
			hasScannedForEncodings = 0;
			knownRegions = (
				en,
				Base,
			);
			mainGroup = 959C7D201E71DB6D00BE8958;
			productRefGroup = 959C7D2A1E71DB6D00BE8958 /* Products */;
			projectDirPath = "";
			projectRoot = "";
			targets = (
				959C7D281E71DB6D00BE8958 /* merch-ui */,
			);
		};
/* End PBXProject section */

/* Begin PBXResourcesBuildPhase section */
		959C7D271E71DB6D00BE8958 /* Resources */ = {
			isa = PBXResourcesBuildPhase;
			buildActionMask = 2147483647;
			files = (
				959A36A71E81B22000B43CE8 /* blenderpro-medium-webfont.ttf in Resources */,
				959A36A61E81B22000B43CE8 /* blenderpro-bold-webfont.ttf in Resources */,
				95A4DB0F1E809849000717FD /* Main.storyboard in Resources */,
				959C7D341E71DB6D00BE8958 /* Assets.xcassets in Resources */,
				95A4DB0E1E809849000717FD /* LaunchScreen.storyboard in Resources */,
			);
			runOnlyForDeploymentPostprocessing = 0;
		};
/* End PBXResourcesBuildPhase section */

/* Begin PBXSourcesBuildPhase section */
		959C7D251E71DB6D00BE8958 /* Sources */ = {
			isa = PBXSourcesBuildPhase;
			buildActionMask = 2147483647;
			files = (
				95C66D371E81F678005152A9 /* ItemModel.swift in Sources */,
				95398D8C1E81DBBA0056ABE9 /* LoginViewController.swift in Sources */,
				95C66D351E81EF9E005152A9 /* ItemTableViewCell.swift in Sources */,
				95398D921E81EAAE0056ABE9 /* UserModel.swift in Sources */,
				95808C5D1E7F369400C3E61E /* APIManager.swift in Sources */,
				95808C5E1E7F369400C3E61E /* APISecrets.swift in Sources */,
				95A4DB111E809856000717FD /* MerchUIConstants.swift in Sources */,
				95398D941E81EB7E0056ABE9 /* ItemsDataSource.swift in Sources */,
				95398D8E1E81DBC30056ABE9 /* ItemsViewController.swift in Sources */,
				959C7D2D1E71DB6D00BE8958 /* AppDelegate.swift in Sources */,
			);
			runOnlyForDeploymentPostprocessing = 0;
		};
/* End PBXSourcesBuildPhase section */

/* Begin XCBuildConfiguration section */
		959C7D391E71DB6D00BE8958 /* Debug */ = {
			isa = XCBuildConfiguration;
			buildSettings = {
				ALWAYS_SEARCH_USER_PATHS = NO;
				CLANG_ANALYZER_NONNULL = YES;
				CLANG_CXX_LANGUAGE_STANDARD = "gnu++0x";
				CLANG_CXX_LIBRARY = "libc++";
				CLANG_ENABLE_MODULES = YES;
				CLANG_ENABLE_OBJC_ARC = YES;
				CLANG_WARN_BOOL_CONVERSION = YES;
				CLANG_WARN_CONSTANT_CONVERSION = YES;
				CLANG_WARN_DIRECT_OBJC_ISA_USAGE = YES_ERROR;
				CLANG_WARN_DOCUMENTATION_COMMENTS = YES;
				CLANG_WARN_EMPTY_BODY = YES;
				CLANG_WARN_ENUM_CONVERSION = YES;
				CLANG_WARN_INFINITE_RECURSION = YES;
				CLANG_WARN_INT_CONVERSION = YES;
				CLANG_WARN_OBJC_ROOT_CLASS = YES_ERROR;
				CLANG_WARN_SUSPICIOUS_MOVE = YES;
				CLANG_WARN_UNREACHABLE_CODE = YES;
				CLANG_WARN__DUPLICATE_METHOD_MATCH = YES;
				"CODE_SIGN_IDENTITY[sdk=iphoneos*]" = "iPhone Developer";
				COPY_PHASE_STRIP = NO;
				DEBUG_INFORMATION_FORMAT = dwarf;
				ENABLE_STRICT_OBJC_MSGSEND = YES;
				ENABLE_TESTABILITY = YES;
				GCC_C_LANGUAGE_STANDARD = gnu99;
				GCC_DYNAMIC_NO_PIC = NO;
				GCC_NO_COMMON_BLOCKS = YES;
				GCC_OPTIMIZATION_LEVEL = 0;
				GCC_PREPROCESSOR_DEFINITIONS = (
					"DEBUG=1",
					"$(inherited)",
				);
				GCC_WARN_64_TO_32_BIT_CONVERSION = YES;
				GCC_WARN_ABOUT_RETURN_TYPE = YES_ERROR;
				GCC_WARN_UNDECLARED_SELECTOR = YES;
				GCC_WARN_UNINITIALIZED_AUTOS = YES_AGGRESSIVE;
				GCC_WARN_UNUSED_FUNCTION = YES;
				GCC_WARN_UNUSED_VARIABLE = YES;
				IPHONEOS_DEPLOYMENT_TARGET = 10.2;
				MTL_ENABLE_DEBUG_INFO = YES;
				ONLY_ACTIVE_ARCH = YES;
				SDKROOT = iphoneos;
				SWIFT_ACTIVE_COMPILATION_CONDITIONS = DEBUG;
				SWIFT_OPTIMIZATION_LEVEL = "-Onone";
				TARGETED_DEVICE_FAMILY = 2;
			};
			name = Debug;
		};
		959C7D3A1E71DB6D00BE8958 /* Release */ = {
			isa = XCBuildConfiguration;
			buildSettings = {
				ALWAYS_SEARCH_USER_PATHS = NO;
				CLANG_ANALYZER_NONNULL = YES;
				CLANG_CXX_LANGUAGE_STANDARD = "gnu++0x";
				CLANG_CXX_LIBRARY = "libc++";
				CLANG_ENABLE_MODULES = YES;
				CLANG_ENABLE_OBJC_ARC = YES;
				CLANG_WARN_BOOL_CONVERSION = YES;
				CLANG_WARN_CONSTANT_CONVERSION = YES;
				CLANG_WARN_DIRECT_OBJC_ISA_USAGE = YES_ERROR;
				CLANG_WARN_DOCUMENTATION_COMMENTS = YES;
				CLANG_WARN_EMPTY_BODY = YES;
				CLANG_WARN_ENUM_CONVERSION = YES;
				CLANG_WARN_INFINITE_RECURSION = YES;
				CLANG_WARN_INT_CONVERSION = YES;
				CLANG_WARN_OBJC_ROOT_CLASS = YES_ERROR;
				CLANG_WARN_SUSPICIOUS_MOVE = YES;
				CLANG_WARN_UNREACHABLE_CODE = YES;
				CLANG_WARN__DUPLICATE_METHOD_MATCH = YES;
				"CODE_SIGN_IDENTITY[sdk=iphoneos*]" = "iPhone Developer";
				COPY_PHASE_STRIP = NO;
				DEBUG_INFORMATION_FORMAT = "dwarf-with-dsym";
				ENABLE_NS_ASSERTIONS = NO;
				ENABLE_STRICT_OBJC_MSGSEND = YES;
				GCC_C_LANGUAGE_STANDARD = gnu99;
				GCC_NO_COMMON_BLOCKS = YES;
				GCC_WARN_64_TO_32_BIT_CONVERSION = YES;
				GCC_WARN_ABOUT_RETURN_TYPE = YES_ERROR;
				GCC_WARN_UNDECLARED_SELECTOR = YES;
				GCC_WARN_UNINITIALIZED_AUTOS = YES_AGGRESSIVE;
				GCC_WARN_UNUSED_FUNCTION = YES;
				GCC_WARN_UNUSED_VARIABLE = YES;
				IPHONEOS_DEPLOYMENT_TARGET = 10.2;
				MTL_ENABLE_DEBUG_INFO = NO;
				SDKROOT = iphoneos;
				SWIFT_OPTIMIZATION_LEVEL = "-Owholemodule";
				TARGETED_DEVICE_FAMILY = 2;
				VALIDATE_PRODUCT = YES;
			};
			name = Release;
		};
		959C7D3C1E71DB6D00BE8958 /* Debug */ = {
			isa = XCBuildConfiguration;
			buildSettings = {
				ASSETCATALOG_COMPILER_APPICON_NAME = AppIcon;
				DEVELOPMENT_TEAM = 8VNQTQM2L6;
				INFOPLIST_FILE = "merch-ui/Info.plist";
				LD_RUNPATH_SEARCH_PATHS = "$(inherited) @executable_path/Frameworks";
				PRODUCT_BUNDLE_IDENTIFIER = "acm.merch-ui";
				PRODUCT_NAME = "$(TARGET_NAME)";
				SWIFT_OBJC_BRIDGING_HEADER = "";
				SWIFT_VERSION = 3.0;
				TARGETED_DEVICE_FAMILY = 2;
			};
			name = Debug;
		};
		959C7D3D1E71DB6D00BE8958 /* Release */ = {
			isa = XCBuildConfiguration;
			buildSettings = {
				ASSETCATALOG_COMPILER_APPICON_NAME = AppIcon;
				DEVELOPMENT_TEAM = 8VNQTQM2L6;
				INFOPLIST_FILE = "merch-ui/Info.plist";
				LD_RUNPATH_SEARCH_PATHS = "$(inherited) @executable_path/Frameworks";
				PRODUCT_BUNDLE_IDENTIFIER = "acm.merch-ui";
				PRODUCT_NAME = "$(TARGET_NAME)";
				SWIFT_OBJC_BRIDGING_HEADER = "";
				SWIFT_VERSION = 3.0;
				TARGETED_DEVICE_FAMILY = 2;
			};
			name = Release;
		};
/* End XCBuildConfiguration section */

/* Begin XCConfigurationList section */
		959C7D241E71DB6D00BE8958 /* Build configuration list for PBXProject "merch-ui" */ = {
			isa = XCConfigurationList;
			buildConfigurations = (
				959C7D391E71DB6D00BE8958 /* Debug */,
				959C7D3A1E71DB6D00BE8958 /* Release */,
			);
			defaultConfigurationIsVisible = 0;
			defaultConfigurationName = Release;
		};
		959C7D3B1E71DB6D00BE8958 /* Build configuration list for PBXNativeTarget "merch-ui" */ = {
			isa = XCConfigurationList;
			buildConfigurations = (
				959C7D3C1E71DB6D00BE8958 /* Debug */,
				959C7D3D1E71DB6D00BE8958 /* Release */,
			);
			defaultConfigurationIsVisible = 0;
			defaultConfigurationName = Release;
		};
/* End XCConfigurationList section */
	};
	rootObject = 959C7D211E71DB6D00BE8958 /* Project object */;
}
