PODS:
  - APIManager (0.0.3)
  - GrootSwift (0.6.0):
    - APIManager

DEPENDENCIES:
  - GrootSwift (~> 0.6.0)

SPEC CHECKSUMS:
  APIManager: 84e21bf87aee3990c9856efe86630e7dc269d987
  GrootSwift: 053d8203edb8a07696d3ea9d70e7507b30bf6708

PODFILE CHECKSUM: 1b4528b43b798f73fe738913ad48d139d28d47e3

COCOAPODS: 1.2.1
